
Microsoft Visual Studio Solution File, Format Version 12.00
# Visual Studio Version 17
VisualStudioVersion = 17.3.32825.248
MinimumVisualStudioVersion = 10.0.40219.1
Project("{9A19103F-16F7-4668-BE54-9A1E7A4F7556}") = "Project.ENTITIES", "Project.ENTITIES\Project.ENTITIES.csproj", "{8066B127-928C-4583-8547-3071F630190F}"
EndProject
Project("{9A19103F-16F7-4668-BE54-9A1E7A4F7556}") = "Project.MAP", "Project.MAP\Project.MAP.csproj", "{9BA6A19D-81BB-4ACA-85D6-712213B1FE28}"
EndProject
Project("{9A19103F-16F7-4668-BE54-9A1E7A4F7556}") = "Project.DAL", "Project.DAL\Project.DAL.csproj", "{CA6A0BCA-C233-4F83-A338-B2FA83D643A8}"
EndProject
Project("{9A19103F-16F7-4668-BE54-9A1E7A4F7556}") = "Project.BLL", "Project.BLL\Project.BLL.csproj", "{C26B76FA-23D2-45BF-A4C4-1BBCCE03A0FC}"
EndProject
Project("{9A19103F-16F7-4668-BE54-9A1E7A4F7556}") = "Project.WebUI", "Project.WebUI\Project.WebUI.csproj", "{AA44B78A-2D8E-49C6-A2B6-4344ECE57A52}"
EndProject
Project("{9A19103F-16F7-4668-BE54-9A1E7A4F7556}") = "Project.COMMON", "Project.COMMON\Project.COMMON.csproj", "{426689B8-5EAC-40F7-8E9B-B80FB3F9C296}"
EndProject
Project("{FAE04EC0-301F-11D3-BF4B-00C04F79EFBC}") = "Project.DTO", "Project.DTO\Project.DTO.csproj", "{78DD3F20-E750-4BDD-9290-4C39C9C9B9A6}"
EndProject
Global
	GlobalSection(SolutionConfigurationPlatforms) = preSolution
		Debug|Any CPU = Debug|Any CPU
		Release|Any CPU = Release|Any CPU
	EndGlobalSection
	GlobalSection(ProjectConfigurationPlatforms) = postSolution
		{8066B127-928C-4583-8547-3071F630190F}.Debug|Any CPU.ActiveCfg = Debug|Any CPU
		{8066B127-928C-4583-8547-3071F630190F}.Debug|Any CPU.Build.0 = Debug|Any CPU
		{8066B127-928C-4583-8547-3071F630190F}.Release|Any CPU.ActiveCfg = Release|Any CPU
		{8066B127-928C-4583-8547-3071F630190F}.Release|Any CPU.Build.0 = Release|Any CPU
		{9BA6A19D-81BB-4ACA-85D6-712213B1FE28}.Debug|Any CPU.ActiveCfg = Debug|Any CPU
		{9BA6A19D-81BB-4ACA-85D6-712213B1FE28}.Debug|Any CPU.Build.0 = Debug|Any CPU
		{9BA6A19D-81BB-4ACA-85D6-712213B1FE28}.Release|Any CPU.ActiveCfg = Release|Any CPU
		{9BA6A19D-81BB-4ACA-85D6-712213B1FE28}.Release|Any CPU.Build.0 = Release|Any CPU
		{CA6A0BCA-C233-4F83-A338-B2FA83D643A8}.Debug|Any CPU.ActiveCfg = Debug|Any CPU
		{CA6A0BCA-C233-4F83-A338-B2FA83D643A8}.Debug|Any CPU.Build.0 = Debug|Any CPU
		{CA6A0BCA-C233-4F83-A338-B2FA83D643A8}.Release|Any CPU.ActiveCfg = Release|Any CPU
		{CA6A0BCA-C233-4F83-A338-B2FA83D643A8}.Release|Any CPU.Build.0 = Release|Any CPU
		{C26B76FA-23D2-45BF-A4C4-1BBCCE03A0FC}.Debug|Any CPU.ActiveCfg = Debug|Any CPU
		{C26B76FA-23D2-45BF-A4C4-1BBCCE03A0FC}.Debug|Any CPU.Build.0 = Debug|Any CPU
		{C26B76FA-23D2-45BF-A4C4-1BBCCE03A0FC}.Release|Any CPU.ActiveCfg = Release|Any CPU
		{C26B76FA-23D2-45BF-A4C4-1BBCCE03A0FC}.Release|Any CPU.Build.0 = Release|Any CPU
		{AA44B78A-2D8E-49C6-A2B6-4344ECE57A52}.Debug|Any CPU.ActiveCfg = Debug|Any CPU
		{AA44B78A-2D8E-49C6-A2B6-4344ECE57A52}.Debug|Any CPU.Build.0 = Debug|Any CPU
		{AA44B78A-2D8E-49C6-A2B6-4344ECE57A52}.Release|Any CPU.ActiveCfg = Release|Any CPU
		{AA44B78A-2D8E-49C6-A2B6-4344ECE57A52}.Release|Any CPU.Build.0 = Release|Any CPU
		{426689B8-5EAC-40F7-8E9B-B80FB3F9C296}.Debug|Any CPU.ActiveCfg = Debug|Any CPU
		{426689B8-5EAC-40F7-8E9B-B80FB3F9C296}.Debug|Any CPU.Build.0 = Debug|Any CPU
		{426689B8-5EAC-40F7-8E9B-B80FB3F9C296}.Release|Any CPU.ActiveCfg = Release|Any CPU
		{426689B8-5EAC-40F7-8E9B-B80FB3F9C296}.Release|Any CPU.Build.0 = Release|Any CPU
		{78DD3F20-E750-4BDD-9290-4C39C9C9B9A6}.Debug|Any CPU.ActiveCfg = Debug|Any CPU
		{78DD3F20-E750-4BDD-9290-4C39C9C9B9A6}.Debug|Any CPU.Build.0 = Debug|Any CPU
		{78DD3F20-E750-4BDD-9290-4C39C9C9B9A6}.Release|Any CPU.ActiveCfg = Release|Any CPU
		{78DD3F20-E750-4BDD-9290-4C39C9C9B9A6}.Release|Any CPU.Build.0 = Release|Any CPU
	EndGlobalSection
	GlobalSection(SolutionProperties) = preSolution
		HideSolutionNode = FALSE
	EndGlobalSection
	GlobalSection(ExtensibilityGlobals) = postSolution
		SolutionGuid = {A62EC2C0-914F-4558-A17E-3AF8C7C35EBE}
	EndGlobalSection
EndGlobal
